
Microsoft Visual Studio Solution File, Format Version 12.00
# Visual Studio 15
VisualStudioVersion = 15.0.28307.852
MinimumVisualStudioVersion = 10.0.40219.1
Project("{FAE04EC0-301F-11D3-BF4B-00C04F79EFBC}") = "ConsoleApp3", "ConsoleApp3\ConsoleApp3.csproj", "{7DDC6630-4482-4394-BE9C-CEF54992DD7D}"
EndProject
Global
	GlobalSection(SolutionConfigurationPlatforms) = preSolution
		Debug|Any CPU = Debug|Any CPU
		Release|Any CPU = Release|Any CPU
	EndGlobalSection
	GlobalSection(ProjectConfigurationPlatforms) = postSolution
		{7DDC6630-4482-4394-BE9C-CEF54992DD7D}.Debug|Any CPU.ActiveCfg = Debug|Any CPU
		{7DDC6630-4482-4394-BE9C-CEF54992DD7D}.Debug|Any CPU.Build.0 = Debug|Any CPU
		{7DDC6630-4482-4394-BE9C-CEF54992DD7D}.Release|Any CPU.ActiveCfg = Release|Any CPU
		{7DDC6630-4482-4394-BE9C-CEF54992DD7D}.Release|Any CPU.Build.0 = Release|Any CPU
	EndGlobalSection
	GlobalSection(SolutionProperties) = preSolution
		HideSolutionNode = FALSE
	EndGlobalSection
	GlobalSection(ExtensibilityGlobals) = postSolution
		SolutionGuid = {66BB7181-740D-43B7-BF0F-432B6FDBA103}
	EndGlobalSection
EndGlobal
